// !$*UTF8*$!
{
	archiveVersion = 1;
	classes = {
	};
	objectVersion = 50;
	objects = {

/* Begin PBXBuildFile section */
		016030C72339828A00C37C96 /* AnyRepository.swift in Sources */ = {isa = PBXBuildFile; fileRef = 016030C62339828A00C37C96 /* AnyRepository.swift */; };
		01BCB1DA233ACB7600714F1D /* JSONDecodableDecoder.swift in Sources */ = {isa = PBXBuildFile; fileRef = 01BCB1D9233ACB7600714F1D /* JSONDecodableDecoder.swift */; };
		01DC2453232C145000F9B56E /* Croupier.h in Headers */ = {isa = PBXBuildFile; fileRef = 01DC2451232C145000F9B56E /* Croupier.h */; settings = {ATTRIBUTES = (Public, ); }; };
		01DC245B232C147C00F9B56E /* Repository.swift in Sources */ = {isa = PBXBuildFile; fileRef = 01DC245A232C147C00F9B56E /* Repository.swift */; };
		01DC2460232C14F100F9B56E /* FoundationHTTPClient.swift in Sources */ = {isa = PBXBuildFile; fileRef = 01DC245F232C14F100F9B56E /* FoundationHTTPClient.swift */; };
		01DC2462232C150200F9B56E /* HTTPRepository.swift in Sources */ = {isa = PBXBuildFile; fileRef = 01DC2461232C150200F9B56E /* HTTPRepository.swift */; };
		01DC2465232C152000F9B56E /* InMemoryRepository.swift in Sources */ = {isa = PBXBuildFile; fileRef = 01DC2464232C152000F9B56E /* InMemoryRepository.swift */; };
		01DC247A232C1A0600F9B56E /* AppDelegate.swift in Sources */ = {isa = PBXBuildFile; fileRef = 01DC2479232C1A0600F9B56E /* AppDelegate.swift */; };
		01DC247C232C1A0600F9B56E /* ViewController.swift in Sources */ = {isa = PBXBuildFile; fileRef = 01DC247B232C1A0600F9B56E /* ViewController.swift */; };
		01DC247F232C1A0600F9B56E /* Main.storyboard in Resources */ = {isa = PBXBuildFile; fileRef = 01DC247D232C1A0600F9B56E /* Main.storyboard */; };
		01DC2482232C1A0700F9B56E /* CroupierExample.xcdatamodeld in Sources */ = {isa = PBXBuildFile; fileRef = 01DC2480232C1A0600F9B56E /* CroupierExample.xcdatamodeld */; };
		01DC2484232C1A0800F9B56E /* Assets.xcassets in Resources */ = {isa = PBXBuildFile; fileRef = 01DC2483232C1A0800F9B56E /* Assets.xcassets */; };
		01DC2487232C1A0800F9B56E /* LaunchScreen.storyboard in Resources */ = {isa = PBXBuildFile; fileRef = 01DC2485232C1A0800F9B56E /* LaunchScreen.storyboard */; };
		01DC2490232C1B1F00F9B56E /* CoreDataRepository.swift in Sources */ = {isa = PBXBuildFile; fileRef = 01DC248F232C1B1F00F9B56E /* CoreDataRepository.swift */; };
		01DC24942330289700F9B56E /* Decoding.swift in Sources */ = {isa = PBXBuildFile; fileRef = 01DC24932330289600F9B56E /* Decoding.swift */; };
		01DC2496233028AE00F9B56E /* CoreDataDecoder.swift in Sources */ = {isa = PBXBuildFile; fileRef = 01DC2495233028AE00F9B56E /* CoreDataDecoder.swift */; };
		01DC249823302A0E00F9B56E /* CoreData.swift in Sources */ = {isa = PBXBuildFile; fileRef = 01DC249723302A0E00F9B56E /* CoreData.swift */; };
		01DC249A2330304400F9B56E /* Source.swift in Sources */ = {isa = PBXBuildFile; fileRef = 01DC24992330304400F9B56E /* Source.swift */; };
		01DC249C23317E0300F9B56E /* Fetching.swift in Sources */ = {isa = PBXBuildFile; fileRef = 01DC249B23317E0300F9B56E /* Fetching.swift */; };
		01DC249E23317E1900F9B56E /* Storing.swift in Sources */ = {isa = PBXBuildFile; fileRef = 01DC249D23317E1900F9B56E /* Storing.swift */; };
		01DC24A023317E2600F9B56E /* Deleting.swift in Sources */ = {isa = PBXBuildFile; fileRef = 01DC249F23317E2600F9B56E /* Deleting.swift */; };
		01DC24A323317E4300F9B56E /* RepositoryError.swift in Sources */ = {isa = PBXBuildFile; fileRef = 01DC24A223317E4300F9B56E /* RepositoryError.swift */; };
		01DC24B22331803200F9B56E /* RepositoryWithCache.swift in Sources */ = {isa = PBXBuildFile; fileRef = 01DC24B12331803200F9B56E /* RepositoryWithCache.swift */; };
		8EDA580D233A74320055B5F1 /* NSManagedObjectContext+Saving.swift in Sources */ = {isa = PBXBuildFile; fileRef = 8EDA580C233A74320055B5F1 /* NSManagedObjectContext+Saving.swift */; };
/* End PBXBuildFile section */

/* Begin PBXContainerItemProxy section */
		01DC248C232C1A3000F9B56E /* PBXContainerItemProxy */ = {
			isa = PBXContainerItemProxy;
			containerPortal = 01DC2445232C145000F9B56E /* Project object */;
			proxyType = 1;
			remoteGlobalIDString = 01DC244D232C145000F9B56E;
			remoteInfo = Croupier;
		};
/* End PBXContainerItemProxy section */

/* Begin PBXFileReference section */
		016030C62339828A00C37C96 /* AnyRepository.swift */ = {isa = PBXFileReference; lastKnownFileType = sourcecode.swift; path = AnyRepository.swift; sourceTree = "<group>"; };
		01BCB1D9233ACB7600714F1D /* JSONDecodableDecoder.swift */ = {isa = PBXFileReference; lastKnownFileType = sourcecode.swift; path = JSONDecodableDecoder.swift; sourceTree = "<group>"; };
		01DC244E232C145000F9B56E /* Croupier.framework */ = {isa = PBXFileReference; explicitFileType = wrapper.framework; includeInIndex = 0; path = Croupier.framework; sourceTree = BUILT_PRODUCTS_DIR; };
		01DC2451232C145000F9B56E /* Croupier.h */ = {isa = PBXFileReference; lastKnownFileType = sourcecode.c.h; path = Croupier.h; sourceTree = "<group>"; };
		01DC2452232C145000F9B56E /* Info.plist */ = {isa = PBXFileReference; lastKnownFileType = text.plist.xml; path = Info.plist; sourceTree = "<group>"; };
		01DC245A232C147C00F9B56E /* Repository.swift */ = {isa = PBXFileReference; lastKnownFileType = sourcecode.swift; path = Repository.swift; sourceTree = "<group>"; };
		01DC245F232C14F100F9B56E /* FoundationHTTPClient.swift */ = {isa = PBXFileReference; lastKnownFileType = sourcecode.swift; path = FoundationHTTPClient.swift; sourceTree = "<group>"; };
		01DC2461232C150200F9B56E /* HTTPRepository.swift */ = {isa = PBXFileReference; lastKnownFileType = sourcecode.swift; path = HTTPRepository.swift; sourceTree = "<group>"; };
		01DC2464232C152000F9B56E /* InMemoryRepository.swift */ = {isa = PBXFileReference; lastKnownFileType = sourcecode.swift; path = InMemoryRepository.swift; sourceTree = "<group>"; };
		01DC2477232C1A0600F9B56E /* CroupierExample.app */ = {isa = PBXFileReference; explicitFileType = wrapper.application; includeInIndex = 0; path = CroupierExample.app; sourceTree = BUILT_PRODUCTS_DIR; };
		01DC2479232C1A0600F9B56E /* AppDelegate.swift */ = {isa = PBXFileReference; lastKnownFileType = sourcecode.swift; path = AppDelegate.swift; sourceTree = "<group>"; };
		01DC247B232C1A0600F9B56E /* ViewController.swift */ = {isa = PBXFileReference; lastKnownFileType = sourcecode.swift; path = ViewController.swift; sourceTree = "<group>"; };
		01DC247E232C1A0600F9B56E /* Base */ = {isa = PBXFileReference; lastKnownFileType = file.storyboard; name = Base; path = Base.lproj/Main.storyboard; sourceTree = "<group>"; };
		01DC2481232C1A0700F9B56E /* CroupierExample.xcdatamodel */ = {isa = PBXFileReference; lastKnownFileType = wrapper.xcdatamodel; path = CroupierExample.xcdatamodel; sourceTree = "<group>"; };
		01DC2483232C1A0800F9B56E /* Assets.xcassets */ = {isa = PBXFileReference; lastKnownFileType = folder.assetcatalog; path = Assets.xcassets; sourceTree = "<group>"; };
		01DC2486232C1A0800F9B56E /* Base */ = {isa = PBXFileReference; lastKnownFileType = file.storyboard; name = Base; path = Base.lproj/LaunchScreen.storyboard; sourceTree = "<group>"; };
		01DC2488232C1A0800F9B56E /* Info.plist */ = {isa = PBXFileReference; lastKnownFileType = text.plist.xml; path = Info.plist; sourceTree = "<group>"; };
		01DC248F232C1B1F00F9B56E /* CoreDataRepository.swift */ = {isa = PBXFileReference; lastKnownFileType = sourcecode.swift; path = CoreDataRepository.swift; sourceTree = "<group>"; };
		01DC24932330289600F9B56E /* Decoding.swift */ = {isa = PBXFileReference; lastKnownFileType = sourcecode.swift; path = Decoding.swift; sourceTree = "<group>"; };
		01DC2495233028AE00F9B56E /* CoreDataDecoder.swift */ = {isa = PBXFileReference; lastKnownFileType = sourcecode.swift; path = CoreDataDecoder.swift; sourceTree = "<group>"; };
		01DC249723302A0E00F9B56E /* CoreData.swift */ = {isa = PBXFileReference; lastKnownFileType = sourcecode.swift; path = CoreData.swift; sourceTree = "<group>"; };
		01DC24992330304400F9B56E /* Source.swift */ = {isa = PBXFileReference; lastKnownFileType = sourcecode.swift; path = Source.swift; sourceTree = "<group>"; };
		01DC249B23317E0300F9B56E /* Fetching.swift */ = {isa = PBXFileReference; lastKnownFileType = sourcecode.swift; path = Fetching.swift; sourceTree = "<group>"; };
		01DC249D23317E1900F9B56E /* Storing.swift */ = {isa = PBXFileReference; lastKnownFileType = sourcecode.swift; path = Storing.swift; sourceTree = "<group>"; };
		01DC249F23317E2600F9B56E /* Deleting.swift */ = {isa = PBXFileReference; lastKnownFileType = sourcecode.swift; path = Deleting.swift; sourceTree = "<group>"; };
		01DC24A223317E4300F9B56E /* RepositoryError.swift */ = {isa = PBXFileReference; lastKnownFileType = sourcecode.swift; path = RepositoryError.swift; sourceTree = "<group>"; };
		01DC24B12331803200F9B56E /* RepositoryWithCache.swift */ = {isa = PBXFileReference; lastKnownFileType = sourcecode.swift; path = RepositoryWithCache.swift; sourceTree = "<group>"; };
		01DC24B32331869800F9B56E /* README.md */ = {isa = PBXFileReference; lastKnownFileType = net.daringfireball.markdown; path = README.md; sourceTree = "<group>"; };
		8EDA580C233A74320055B5F1 /* NSManagedObjectContext+Saving.swift */ = {isa = PBXFileReference; lastKnownFileType = sourcecode.swift; path = "NSManagedObjectContext+Saving.swift"; sourceTree = "<group>"; };
/* End PBXFileReference section */

/* Begin PBXFrameworksBuildPhase section */
		01DC244B232C145000F9B56E /* Frameworks */ = {
			isa = PBXFrameworksBuildPhase;
			buildActionMask = 2147483647;
			files = (
			);
			runOnlyForDeploymentPostprocessing = 0;
		};
		01DC2474232C1A0600F9B56E /* Frameworks */ = {
			isa = PBXFrameworksBuildPhase;
			buildActionMask = 2147483647;
			files = (
			);
			runOnlyForDeploymentPostprocessing = 0;
		};
/* End PBXFrameworksBuildPhase section */

/* Begin PBXGroup section */
		016030C52339827400C37C96 /* Erasure */ = {
			isa = PBXGroup;
			children = (
				016030C62339828A00C37C96 /* AnyRepository.swift */,
			);
			path = Erasure;
			sourceTree = "<group>";
		};
		01BCB1D8233ACB6900714F1D /* Decodable */ = {
			isa = PBXGroup;
			children = (
				01BCB1D9233ACB7600714F1D /* JSONDecodableDecoder.swift */,
			);
			path = Decodable;
			sourceTree = "<group>";
		};
		01DC2444232C145000F9B56E = {
			isa = PBXGroup;
			children = (
				01DC24B32331869800F9B56E /* README.md */,
				01DC2450232C145000F9B56E /* Croupier */,
				01DC2478232C1A0600F9B56E /* CroupierExample */,
				01DC244F232C145000F9B56E /* Products */,
			);
			sourceTree = "<group>";
		};
		01DC244F232C145000F9B56E /* Products */ = {
			isa = PBXGroup;
			children = (
				01DC244E232C145000F9B56E /* Croupier.framework */,
				01DC2477232C1A0600F9B56E /* CroupierExample.app */,
			);
			name = Products;
			sourceTree = "<group>";
		};
		01DC2450232C145000F9B56E /* Croupier */ = {
			isa = PBXGroup;
			children = (
				8EDA580B233A741D0055B5F1 /* Extensions */,
				016030C52339827400C37C96 /* Erasure */,
				01DC24A123317E3700F9B56E /* Errors */,
				01DC24AD23317F9500F9B56E /* Sources */,
				01DC24A923317F0E00F9B56E /* Repositories */,
				01DC248E232C1B0B00F9B56E /* Decoders */,
				01DC2466232C153200F9B56E /* Builders */,
				01DC2459232C147000F9B56E /* Core */,
				01DC2451232C145000F9B56E /* Croupier.h */,
				01DC2452232C145000F9B56E /* Info.plist */,
			);
			path = Croupier;
			sourceTree = "<group>";
		};
		01DC2459232C147000F9B56E /* Core */ = {
			isa = PBXGroup;
			children = (
				01DC245A232C147C00F9B56E /* Repository.swift */,
				01DC249B23317E0300F9B56E /* Fetching.swift */,
				01DC249D23317E1900F9B56E /* Storing.swift */,
				01DC249F23317E2600F9B56E /* Deleting.swift */,
				01DC24932330289600F9B56E /* Decoding.swift */,
				01DC24992330304400F9B56E /* Source.swift */,
			);
			path = Core;
			sourceTree = "<group>";
		};
		01DC2466232C153200F9B56E /* Builders */ = {
			isa = PBXGroup;
			children = (
				01DC249723302A0E00F9B56E /* CoreData.swift */,
			);
			path = Builders;
			sourceTree = "<group>";
		};
		01DC2478232C1A0600F9B56E /* CroupierExample */ = {
			isa = PBXGroup;
			children = (
				01DC2479232C1A0600F9B56E /* AppDelegate.swift */,
				01DC247B232C1A0600F9B56E /* ViewController.swift */,
				01DC247D232C1A0600F9B56E /* Main.storyboard */,
				01DC2483232C1A0800F9B56E /* Assets.xcassets */,
				01DC2485232C1A0800F9B56E /* LaunchScreen.storyboard */,
				01DC2488232C1A0800F9B56E /* Info.plist */,
				01DC2480232C1A0600F9B56E /* CroupierExample.xcdatamodeld */,
			);
			path = CroupierExample;
			sourceTree = "<group>";
		};
		01DC248E232C1B0B00F9B56E /* Decoders */ = {
			isa = PBXGroup;
			children = (
				01BCB1D8233ACB6900714F1D /* Decodable */,
				01DC24AB23317F2500F9B56E /* CoreData */,
			);
			path = Decoders;
			sourceTree = "<group>";
		};
		01DC24A123317E3700F9B56E /* Errors */ = {
			isa = PBXGroup;
			children = (
				01DC24A223317E4300F9B56E /* RepositoryError.swift */,
			);
			path = Errors;
			sourceTree = "<group>";
		};
		01DC24A923317F0E00F9B56E /* Repositories */ = {
			isa = PBXGroup;
			children = (
				01DC24B02331802000F9B56E /* WithCache */,
				01DC24AF23317FB800F9B56E /* HTTP */,
				01DC24AC23317F4200F9B56E /* InMemory */,
				01DC24AA23317F1900F9B56E /* CoreData */,
			);
			path = Repositories;
			sourceTree = "<group>";
		};
		01DC24AA23317F1900F9B56E /* CoreData */ = {
			isa = PBXGroup;
			children = (
				01DC248F232C1B1F00F9B56E /* CoreDataRepository.swift */,
			);
			path = CoreData;
			sourceTree = "<group>";
		};
		01DC24AB23317F2500F9B56E /* CoreData */ = {
			isa = PBXGroup;
			children = (
				01DC2495233028AE00F9B56E /* CoreDataDecoder.swift */,
			);
			path = CoreData;
			sourceTree = "<group>";
		};
		01DC24AC23317F4200F9B56E /* InMemory */ = {
			isa = PBXGroup;
			children = (
				01DC2464232C152000F9B56E /* InMemoryRepository.swift */,
			);
			path = InMemory;
			sourceTree = "<group>";
		};
		01DC24AD23317F9500F9B56E /* Sources */ = {
			isa = PBXGroup;
			children = (
				01DC24AE23317F9B00F9B56E /* HTTP */,
			);
			path = Sources;
			sourceTree = "<group>";
		};
		01DC24AE23317F9B00F9B56E /* HTTP */ = {
			isa = PBXGroup;
			children = (
				01DC245F232C14F100F9B56E /* FoundationHTTPClient.swift */,
			);
			path = HTTP;
			sourceTree = "<group>";
		};
		01DC24AF23317FB800F9B56E /* HTTP */ = {
			isa = PBXGroup;
			children = (
				01DC2461232C150200F9B56E /* HTTPRepository.swift */,
			);
			path = HTTP;
			sourceTree = "<group>";
		};
		01DC24B02331802000F9B56E /* WithCache */ = {
			isa = PBXGroup;
			children = (
				01DC24B12331803200F9B56E /* RepositoryWithCache.swift */,
			);
			path = WithCache;
			sourceTree = "<group>";
		};
		8EDA580B233A741D0055B5F1 /* Extensions */ = {
			isa = PBXGroup;
			children = (
				8EDA580C233A74320055B5F1 /* NSManagedObjectContext+Saving.swift */,
			);
			path = Extensions;
			sourceTree = "<group>";
		};
/* End PBXGroup section */

/* Begin PBXHeadersBuildPhase section */
		01DC2449232C145000F9B56E /* Headers */ = {
			isa = PBXHeadersBuildPhase;
			buildActionMask = 2147483647;
			files = (
				01DC2453232C145000F9B56E /* Croupier.h in Headers */,
			);
			runOnlyForDeploymentPostprocessing = 0;
		};
/* End PBXHeadersBuildPhase section */

/* Begin PBXNativeTarget section */
		01DC244D232C145000F9B56E /* Croupier */ = {
			isa = PBXNativeTarget;
			buildConfigurationList = 01DC2456232C145000F9B56E /* Build configuration list for PBXNativeTarget "Croupier" */;
			buildPhases = (
				01DC2449232C145000F9B56E /* Headers */,
				01DC244A232C145000F9B56E /* Sources */,
				01DC244B232C145000F9B56E /* Frameworks */,
				01DC244C232C145000F9B56E /* Resources */,
			);
			buildRules = (
			);
			dependencies = (
			);
			name = Croupier;
			productName = Croupier;
			productReference = 01DC244E232C145000F9B56E /* Croupier.framework */;
			productType = "com.apple.product-type.framework";
		};
		01DC2476232C1A0600F9B56E /* CroupierExample */ = {
			isa = PBXNativeTarget;
			buildConfigurationList = 01DC248B232C1A0800F9B56E /* Build configuration list for PBXNativeTarget "CroupierExample" */;
			buildPhases = (
				01DC2473232C1A0600F9B56E /* Sources */,
				01DC2474232C1A0600F9B56E /* Frameworks */,
				01DC2475232C1A0600F9B56E /* Resources */,
			);
			buildRules = (
			);
			dependencies = (
				01DC248D232C1A3000F9B56E /* PBXTargetDependency */,
			);
			name = CroupierExample;
			productName = CroupierExample;
			productReference = 01DC2477232C1A0600F9B56E /* CroupierExample.app */;
			productType = "com.apple.product-type.application";
		};
/* End PBXNativeTarget section */

/* Begin PBXProject section */
		01DC2445232C145000F9B56E /* Project object */ = {
			isa = PBXProject;
			attributes = {
				LastSwiftUpdateCheck = 1030;
				LastUpgradeCheck = 1030;
				ORGANIZATIONNAME = "Daniel Bennett";
				TargetAttributes = {
					01DC244D232C145000F9B56E = {
						CreatedOnToolsVersion = 10.3;
						LastSwiftMigration = 1030;
					};
					01DC2476232C1A0600F9B56E = {
						CreatedOnToolsVersion = 10.3;
					};
				};
			};
			buildConfigurationList = 01DC2448232C145000F9B56E /* Build configuration list for PBXProject "Croupier" */;
			compatibilityVersion = "Xcode 9.3";
			developmentRegion = en;
			hasScannedForEncodings = 0;
			knownRegions = (
				en,
				Base,
			);
			mainGroup = 01DC2444232C145000F9B56E;
			productRefGroup = 01DC244F232C145000F9B56E /* Products */;
			projectDirPath = "";
			projectRoot = "";
			targets = (
				01DC2476232C1A0600F9B56E /* CroupierExample */,
				01DC244D232C145000F9B56E /* Croupier */,
			);
		};
/* End PBXProject section */

/* Begin PBXResourcesBuildPhase section */
		01DC244C232C145000F9B56E /* Resources */ = {
			isa = PBXResourcesBuildPhase;
			buildActionMask = 2147483647;
			files = (
			);
			runOnlyForDeploymentPostprocessing = 0;
		};
		01DC2475232C1A0600F9B56E /* Resources */ = {
			isa = PBXResourcesBuildPhase;
			buildActionMask = 2147483647;
			files = (
				01DC2487232C1A0800F9B56E /* LaunchScreen.storyboard in Resources */,
				01DC2484232C1A0800F9B56E /* Assets.xcassets in Resources */,
				01DC247F232C1A0600F9B56E /* Main.storyboard in Resources */,
			);
			runOnlyForDeploymentPostprocessing = 0;
		};
/* End PBXResourcesBuildPhase section */

/* Begin PBXSourcesBuildPhase section */
		01DC244A232C145000F9B56E /* Sources */ = {
			isa = PBXSourcesBuildPhase;
			buildActionMask = 2147483647;
			files = (
				01DC249C23317E0300F9B56E /* Fetching.swift in Sources */,
				01DC249E23317E1900F9B56E /* Storing.swift in Sources */,
				01DC24B22331803200F9B56E /* RepositoryWithCache.swift in Sources */,
				01DC245B232C147C00F9B56E /* Repository.swift in Sources */,
				01DC2465232C152000F9B56E /* InMemoryRepository.swift in Sources */,
				01DC249A2330304400F9B56E /* Source.swift in Sources */,
				01DC2490232C1B1F00F9B56E /* CoreDataRepository.swift in Sources */,
				01DC2460232C14F100F9B56E /* FoundationHTTPClient.swift in Sources */,
				01DC24A023317E2600F9B56E /* Deleting.swift in Sources */,
				8EDA580D233A74320055B5F1 /* NSManagedObjectContext+Saving.swift in Sources */,
				016030C72339828A00C37C96 /* AnyRepository.swift in Sources */,
				01DC2496233028AE00F9B56E /* CoreDataDecoder.swift in Sources */,
				01DC24942330289700F9B56E /* Decoding.swift in Sources */,
				01DC249823302A0E00F9B56E /* CoreData.swift in Sources */,
				01BCB1DA233ACB7600714F1D /* JSONDecodableDecoder.swift in Sources */,
				01DC2462232C150200F9B56E /* HTTPRepository.swift in Sources */,
				01DC24A323317E4300F9B56E /* RepositoryError.swift in Sources */,
			);
			runOnlyForDeploymentPostprocessing = 0;
		};
		01DC2473232C1A0600F9B56E /* Sources */ = {
			isa = PBXSourcesBuildPhase;
			buildActionMask = 2147483647;
			files = (
				01DC2482232C1A0700F9B56E /* CroupierExample.xcdatamodeld in Sources */,
				01DC247C232C1A0600F9B56E /* ViewController.swift in Sources */,
				01DC247A232C1A0600F9B56E /* AppDelegate.swift in Sources */,
			);
			runOnlyForDeploymentPostprocessing = 0;
		};
/* End PBXSourcesBuildPhase section */

/* Begin PBXTargetDependency section */
		01DC248D232C1A3000F9B56E /* PBXTargetDependency */ = {
			isa = PBXTargetDependency;
			target = 01DC244D232C145000F9B56E /* Croupier */;
			targetProxy = 01DC248C232C1A3000F9B56E /* PBXContainerItemProxy */;
		};
/* End PBXTargetDependency section */

/* Begin PBXVariantGroup section */
		01DC247D232C1A0600F9B56E /* Main.storyboard */ = {
			isa = PBXVariantGroup;
			children = (
				01DC247E232C1A0600F9B56E /* Base */,
			);
			name = Main.storyboard;
			sourceTree = "<group>";
		};
		01DC2485232C1A0800F9B56E /* LaunchScreen.storyboard */ = {
			isa = PBXVariantGroup;
			children = (
				01DC2486232C1A0800F9B56E /* Base */,
			);
			name = LaunchScreen.storyboard;
			sourceTree = "<group>";
		};
/* End PBXVariantGroup section */

/* Begin XCBuildConfiguration section */
		01DC2454232C145000F9B56E /* Debug */ = {
			isa = XCBuildConfiguration;
			buildSettings = {
				ALWAYS_SEARCH_USER_PATHS = NO;
				CLANG_ANALYZER_NONNULL = YES;
				CLANG_ANALYZER_NUMBER_OBJECT_CONVERSION = YES_AGGRESSIVE;
				CLANG_CXX_LANGUAGE_STANDARD = "gnu++14";
				CLANG_CXX_LIBRARY = "libc++";
				CLANG_ENABLE_MODULES = YES;
				CLANG_ENABLE_OBJC_ARC = YES;
				CLANG_ENABLE_OBJC_WEAK = YES;
				CLANG_WARN_BLOCK_CAPTURE_AUTORELEASING = YES;
				CLANG_WARN_BOOL_CONVERSION = YES;
				CLANG_WARN_COMMA = YES;
				CLANG_WARN_CONSTANT_CONVERSION = YES;
				CLANG_WARN_DEPRECATED_OBJC_IMPLEMENTATIONS = YES;
				CLANG_WARN_DIRECT_OBJC_ISA_USAGE = YES_ERROR;
				CLANG_WARN_DOCUMENTATION_COMMENTS = YES;
				CLANG_WARN_EMPTY_BODY = YES;
				CLANG_WARN_ENUM_CONVERSION = YES;
				CLANG_WARN_INFINITE_RECURSION = YES;
				CLANG_WARN_INT_CONVERSION = YES;
				CLANG_WARN_NON_LITERAL_NULL_CONVERSION = YES;
				CLANG_WARN_OBJC_IMPLICIT_RETAIN_SELF = YES;
				CLANG_WARN_OBJC_LITERAL_CONVERSION = YES;
				CLANG_WARN_OBJC_ROOT_CLASS = YES_ERROR;
				CLANG_WARN_RANGE_LOOP_ANALYSIS = YES;
				CLANG_WARN_STRICT_PROTOTYPES = YES;
				CLANG_WARN_SUSPICIOUS_MOVE = YES;
				CLANG_WARN_UNGUARDED_AVAILABILITY = YES_AGGRESSIVE;
				CLANG_WARN_UNREACHABLE_CODE = YES;
				CLANG_WARN__DUPLICATE_METHOD_MATCH = YES;
				CODE_SIGN_IDENTITY = "iPhone Developer";
				COPY_PHASE_STRIP = NO;
				CURRENT_PROJECT_VERSION = 1;
				DEBUG_INFORMATION_FORMAT = dwarf;
				ENABLE_STRICT_OBJC_MSGSEND = YES;
				ENABLE_TESTABILITY = YES;
				GCC_C_LANGUAGE_STANDARD = gnu11;
				GCC_DYNAMIC_NO_PIC = NO;
				GCC_NO_COMMON_BLOCKS = YES;
				GCC_OPTIMIZATION_LEVEL = 0;
				GCC_PREPROCESSOR_DEFINITIONS = (
					"DEBUG=1",
					"$(inherited)",
				);
				GCC_WARN_64_TO_32_BIT_CONVERSION = YES;
				GCC_WARN_ABOUT_RETURN_TYPE = YES_ERROR;
				GCC_WARN_UNDECLARED_SELECTOR = YES;
				GCC_WARN_UNINITIALIZED_AUTOS = YES_AGGRESSIVE;
				GCC_WARN_UNUSED_FUNCTION = YES;
				GCC_WARN_UNUSED_VARIABLE = YES;
				IPHONEOS_DEPLOYMENT_TARGET = 12.4;
				MTL_ENABLE_DEBUG_INFO = INCLUDE_SOURCE;
				MTL_FAST_MATH = YES;
				ONLY_ACTIVE_ARCH = YES;
				SDKROOT = iphoneos;
				SWIFT_ACTIVE_COMPILATION_CONDITIONS = DEBUG;
				SWIFT_OPTIMIZATION_LEVEL = "-Onone";
				VERSIONING_SYSTEM = "apple-generic";
				VERSION_INFO_PREFIX = "";
			};
			name = Debug;
		};
		01DC2455232C145000F9B56E /* Release */ = {
			isa = XCBuildConfiguration;
			buildSettings = {
				ALWAYS_SEARCH_USER_PATHS = NO;
				CLANG_ANALYZER_NONNULL = YES;
				CLANG_ANALYZER_NUMBER_OBJECT_CONVERSION = YES_AGGRESSIVE;
				CLANG_CXX_LANGUAGE_STANDARD = "gnu++14";
				CLANG_CXX_LIBRARY = "libc++";
				CLANG_ENABLE_MODULES = YES;
				CLANG_ENABLE_OBJC_ARC = YES;
				CLANG_ENABLE_OBJC_WEAK = YES;
				CLANG_WARN_BLOCK_CAPTURE_AUTORELEASING = YES;
				CLANG_WARN_BOOL_CONVERSION = YES;
				CLANG_WARN_COMMA = YES;
				CLANG_WARN_CONSTANT_CONVERSION = YES;
				CLANG_WARN_DEPRECATED_OBJC_IMPLEMENTATIONS = YES;
				CLANG_WARN_DIRECT_OBJC_ISA_USAGE = YES_ERROR;
				CLANG_WARN_DOCUMENTATION_COMMENTS = YES;
				CLANG_WARN_EMPTY_BODY = YES;
				CLANG_WARN_ENUM_CONVERSION = YES;
				CLANG_WARN_INFINITE_RECURSION = YES;
				CLANG_WARN_INT_CONVERSION = YES;
				CLANG_WARN_NON_LITERAL_NULL_CONVERSION = YES;
				CLANG_WARN_OBJC_IMPLICIT_RETAIN_SELF = YES;
				CLANG_WARN_OBJC_LITERAL_CONVERSION = YES;
				CLANG_WARN_OBJC_ROOT_CLASS = YES_ERROR;
				CLANG_WARN_RANGE_LOOP_ANALYSIS = YES;
				CLANG_WARN_STRICT_PROTOTYPES = YES;
				CLANG_WARN_SUSPICIOUS_MOVE = YES;
				CLANG_WARN_UNGUARDED_AVAILABILITY = YES_AGGRESSIVE;
				CLANG_WARN_UNREACHABLE_CODE = YES;
				CLANG_WARN__DUPLICATE_METHOD_MATCH = YES;
				CODE_SIGN_IDENTITY = "iPhone Developer";
				COPY_PHASE_STRIP = NO;
				CURRENT_PROJECT_VERSION = 1;
				DEBUG_INFORMATION_FORMAT = "dwarf-with-dsym";
				ENABLE_NS_ASSERTIONS = NO;
				ENABLE_STRICT_OBJC_MSGSEND = YES;
				GCC_C_LANGUAGE_STANDARD = gnu11;
				GCC_NO_COMMON_BLOCKS = YES;
				GCC_WARN_64_TO_32_BIT_CONVERSION = YES;
				GCC_WARN_ABOUT_RETURN_TYPE = YES_ERROR;
				GCC_WARN_UNDECLARED_SELECTOR = YES;
				GCC_WARN_UNINITIALIZED_AUTOS = YES_AGGRESSIVE;
				GCC_WARN_UNUSED_FUNCTION = YES;
				GCC_WARN_UNUSED_VARIABLE = YES;
				IPHONEOS_DEPLOYMENT_TARGET = 12.4;
				MTL_ENABLE_DEBUG_INFO = NO;
				MTL_FAST_MATH = YES;
				SDKROOT = iphoneos;
				SWIFT_COMPILATION_MODE = wholemodule;
				SWIFT_OPTIMIZATION_LEVEL = "-O";
				VALIDATE_PRODUCT = YES;
				VERSIONING_SYSTEM = "apple-generic";
				VERSION_INFO_PREFIX = "";
			};
			name = Release;
		};
		01DC2457232C145000F9B56E /* Debug */ = {
			isa = XCBuildConfiguration;
			buildSettings = {
				CLANG_ENABLE_MODULES = YES;
				CODE_SIGN_IDENTITY = "";
				CODE_SIGN_STYLE = Automatic;
				DEFINES_MODULE = YES;
				DEVELOPMENT_TEAM = 7ZHX5Y8Q3B;
				DYLIB_COMPATIBILITY_VERSION = 1;
				DYLIB_CURRENT_VERSION = 1;
				DYLIB_INSTALL_NAME_BASE = "@rpath";
				INFOPLIST_FILE = Croupier/Info.plist;
				INSTALL_PATH = "$(LOCAL_LIBRARY_DIR)/Frameworks";
				IPHONEOS_DEPLOYMENT_TARGET = 11.0;
				LD_RUNPATH_SEARCH_PATHS = (
					"$(inherited)",
					"@executable_path/Frameworks",
					"@loader_path/Frameworks",
				);
				PRODUCT_BUNDLE_IDENTIFIER = uk.co.dollop.Croupier;
				PRODUCT_NAME = "$(TARGET_NAME:c99extidentifier)";
				SKIP_INSTALL = YES;
				SWIFT_OPTIMIZATION_LEVEL = "-Onone";
				SWIFT_VERSION = 5.0;
				TARGETED_DEVICE_FAMILY = "1,2";
			};
			name = Debug;
		};
		01DC2458232C145000F9B56E /* Release */ = {
			isa = XCBuildConfiguration;
			buildSettings = {
				CLANG_ENABLE_MODULES = YES;
				CODE_SIGN_IDENTITY = "";
				CODE_SIGN_STYLE = Automatic;
				DEFINES_MODULE = YES;
				DEVELOPMENT_TEAM = 7ZHX5Y8Q3B;
				DYLIB_COMPATIBILITY_VERSION = 1;
				DYLIB_CURRENT_VERSION = 1;
				DYLIB_INSTALL_NAME_BASE = "@rpath";
				INFOPLIST_FILE = Croupier/Info.plist;
				INSTALL_PATH = "$(LOCAL_LIBRARY_DIR)/Frameworks";
				IPHONEOS_DEPLOYMENT_TARGET = 11.0;
				LD_RUNPATH_SEARCH_PATHS = (
					"$(inherited)",
					"@executable_path/Frameworks",
					"@loader_path/Frameworks",
				);
				PRODUCT_BUNDLE_IDENTIFIER = uk.co.dollop.Croupier;
				PRODUCT_NAME = "$(TARGET_NAME:c99extidentifier)";
				SKIP_INSTALL = YES;
				SWIFT_VERSION = 5.0;
				TARGETED_DEVICE_FAMILY = "1,2";
			};
			name = Release;
		};
		01DC2489232C1A0800F9B56E /* Debug */ = {
			isa = XCBuildConfiguration;
			buildSettings = {
				ASSETCATALOG_COMPILER_APPICON_NAME = AppIcon;
				CODE_SIGN_STYLE = Automatic;
				DEVELOPMENT_TEAM = 7ZHX5Y8Q3B;
				INFOPLIST_FILE = CroupierExample/Info.plist;
				LD_RUNPATH_SEARCH_PATHS = (
					"$(inherited)",
					"@executable_path/Frameworks",
				);
				PRODUCT_BUNDLE_IDENTIFIER = uk.co.dollop.CroupierExample;
				PRODUCT_NAME = "$(TARGET_NAME)";
				SWIFT_VERSION = 5.0;
				TARGETED_DEVICE_FAMILY = "1,2";
			};
			name = Debug;
		};
		01DC248A232C1A0800F9B56E /* Release */ = {
			isa = XCBuildConfiguration;
			buildSettings = {
				ASSETCATALOG_COMPILER_APPICON_NAME = AppIcon;
				CODE_SIGN_STYLE = Automatic;
				DEVELOPMENT_TEAM = 7ZHX5Y8Q3B;
				INFOPLIST_FILE = CroupierExample/Info.plist;
				LD_RUNPATH_SEARCH_PATHS = (
					"$(inherited)",
					"@executable_path/Frameworks",
				);
				PRODUCT_BUNDLE_IDENTIFIER = uk.co.dollop.CroupierExample;
				PRODUCT_NAME = "$(TARGET_NAME)";
				SWIFT_VERSION = 5.0;
				TARGETED_DEVICE_FAMILY = "1,2";
			};
			name = Release;
		};
/* End XCBuildConfiguration section */

/* Begin XCConfigurationList section */
		01DC2448232C145000F9B56E /* Build configuration list for PBXProject "Croupier" */ = {
			isa = XCConfigurationList;
			buildConfigurations = (
				01DC2454232C145000F9B56E /* Debug */,
				01DC2455232C145000F9B56E /* Release */,
			);
			defaultConfigurationIsVisible = 0;
			defaultConfigurationName = Release;
		};
		01DC2456232C145000F9B56E /* Build configuration list for PBXNativeTarget "Croupier" */ = {
			isa = XCConfigurationList;
			buildConfigurations = (
				01DC2457232C145000F9B56E /* Debug */,
				01DC2458232C145000F9B56E /* Release */,
			);
			defaultConfigurationIsVisible = 0;
			defaultConfigurationName = Release;
		};
		01DC248B232C1A0800F9B56E /* Build configuration list for PBXNativeTarget "CroupierExample" */ = {
			isa = XCConfigurationList;
			buildConfigurations = (
				01DC2489232C1A0800F9B56E /* Debug */,
				01DC248A232C1A0800F9B56E /* Release */,
			);
			defaultConfigurationIsVisible = 0;
			defaultConfigurationName = Release;
		};
/* End XCConfigurationList section */

/* Begin XCVersionGroup section */
		01DC2480232C1A0600F9B56E /* CroupierExample.xcdatamodeld */ = {
			isa = XCVersionGroup;
			children = (
				01DC2481232C1A0700F9B56E /* CroupierExample.xcdatamodel */,
			);
			currentVersion = 01DC2481232C1A0700F9B56E /* CroupierExample.xcdatamodel */;
			path = CroupierExample.xcdatamodeld;
			sourceTree = "<group>";
			versionGroupType = wrapper.xcdatamodel;
		};
/* End XCVersionGroup section */
	};
	rootObject = 01DC2445232C145000F9B56E /* Project object */;
}
